
Microsoft Visual Studio Solution File, Format Version 12.00
Project("{2150E333-8FDC-42A3-9474-1A3956D46DE8}") = "Adapters", "Adapters", "{B7EF995F-0F24-4E8D-A226-77DB96A703D1}"
EndProject
Project("{2150E333-8FDC-42A3-9474-1A3956D46DE8}") = "Inbound", "Inbound", "{44B74067-8A92-4506-A4BC-E38C912293BC}"
EndProject
Project("{2150E333-8FDC-42A3-9474-1A3956D46DE8}") = "Infrastructure", "Infrastructure", "{9CC2BB6C-91A2-413F-95F7-1B403BCC00CC}"
EndProject
Project("{2150E333-8FDC-42A3-9474-1A3956D46DE8}") = "Domain", "Domain", "{9AE0C8E3-1A28-4639-9081-2D15D14D7559}"
EndProject
Project("{2150E333-8FDC-42A3-9474-1A3956D46DE8}") = "src", "src", "{581C7E43-5BDB-4BDC-BE86-67EA89A0C7AB}"
EndProject
Project("{FAE04EC0-301F-11D3-BF4B-00C04F79EFBC}") = "MarketApi.Inbound", "src\MarketApi.Inbound\MarketApi.Inbound.csproj", "{71CB7B8B-2724-4F90-8F5E-EF65E0BDD86E}"
EndProject
Project("{FAE04EC0-301F-11D3-BF4B-00C04F79EFBC}") = "MarketApi.Entities", "src\MarketApi.Entities\MarketApi.Entities.csproj", "{4AAF7B32-B872-4AC9-BC68-F3A20CB58E31}"
EndProject
Project("{FAE04EC0-301F-11D3-BF4B-00C04F79EFBC}") = "MarketApi.Databases", "src\MarketApi.Databases\MarketApi.Databases.csproj", "{E8E93C4F-729C-4DA2-A951-61FA989ECFE7}"
EndProject
Global
	GlobalSection(SolutionConfigurationPlatforms) = preSolution
		Debug|Any CPU = Debug|Any CPU
		Release|Any CPU = Release|Any CPU
	EndGlobalSection
	GlobalSection(NestedProjects) = preSolution
		{44B74067-8A92-4506-A4BC-E38C912293BC} = {B7EF995F-0F24-4E8D-A226-77DB96A703D1}
		{B7EF995F-0F24-4E8D-A226-77DB96A703D1} = {581C7E43-5BDB-4BDC-BE86-67EA89A0C7AB}
		{9AE0C8E3-1A28-4639-9081-2D15D14D7559} = {581C7E43-5BDB-4BDC-BE86-67EA89A0C7AB}
		{9CC2BB6C-91A2-413F-95F7-1B403BCC00CC} = {581C7E43-5BDB-4BDC-BE86-67EA89A0C7AB}
		{71CB7B8B-2724-4F90-8F5E-EF65E0BDD86E} = {44B74067-8A92-4506-A4BC-E38C912293BC}
		{4AAF7B32-B872-4AC9-BC68-F3A20CB58E31} = {9AE0C8E3-1A28-4639-9081-2D15D14D7559}
		{E8E93C4F-729C-4DA2-A951-61FA989ECFE7} = {9CC2BB6C-91A2-413F-95F7-1B403BCC00CC}
	EndGlobalSection
	GlobalSection(ProjectConfigurationPlatforms) = postSolution
		{71CB7B8B-2724-4F90-8F5E-EF65E0BDD86E}.Debug|Any CPU.ActiveCfg = Debug|Any CPU
		{71CB7B8B-2724-4F90-8F5E-EF65E0BDD86E}.Debug|Any CPU.Build.0 = Debug|Any CPU
		{71CB7B8B-2724-4F90-8F5E-EF65E0BDD86E}.Release|Any CPU.ActiveCfg = Release|Any CPU
		{71CB7B8B-2724-4F90-8F5E-EF65E0BDD86E}.Release|Any CPU.Build.0 = Release|Any CPU
		{4AAF7B32-B872-4AC9-BC68-F3A20CB58E31}.Debug|Any CPU.ActiveCfg = Debug|Any CPU
		{4AAF7B32-B872-4AC9-BC68-F3A20CB58E31}.Debug|Any CPU.Build.0 = Debug|Any CPU
		{4AAF7B32-B872-4AC9-BC68-F3A20CB58E31}.Release|Any CPU.ActiveCfg = Release|Any CPU
		{4AAF7B32-B872-4AC9-BC68-F3A20CB58E31}.Release|Any CPU.Build.0 = Release|Any CPU
		{E8E93C4F-729C-4DA2-A951-61FA989ECFE7}.Debug|Any CPU.ActiveCfg = Debug|Any CPU
		{E8E93C4F-729C-4DA2-A951-61FA989ECFE7}.Debug|Any CPU.Build.0 = Debug|Any CPU
		{E8E93C4F-729C-4DA2-A951-61FA989ECFE7}.Release|Any CPU.ActiveCfg = Release|Any CPU
		{E8E93C4F-729C-4DA2-A951-61FA989ECFE7}.Release|Any CPU.Build.0 = Release|Any CPU
	EndGlobalSection
EndGlobal
